
Microsoft Visual Studio Solution File, Format Version 12.00
# Visual Studio 2013
VisualStudioVersion = 12.0.31101.0
MinimumVisualStudioVersion = 10.0.40219.1
Project("{2150E333-8FDC-42A3-9474-1A3956D46DE8}") = ".paket", ".paket", "{B29B15D0-352D-4ED6-986F-735FE312F1B9}"
	ProjectSection(SolutionItems) = preProject
		build.fsx = build.fsx
		paket.dependencies = paket.dependencies
	EndProjectSection
EndProject
Project("{FAE04EC0-301F-11D3-BF4B-00C04F79EFBC}") = "EvoDistroLisa", "EvoDistroLisa\EvoDistroLisa.csproj", "{0F70F6C5-83CE-4C3F-90A2-E514706AC0A6}"
EndProject
Project("{F2A71F9B-5D33-465A-A702-920D77279786}") = "EvoDistroLisa.Engine", "EvoDistroLisa.Engine\EvoDistroLisa.Engine.fsproj", "{60EECA86-CA2D-40A4-8688-DC9225126D2D}"
EndProject
Project("{FAE04EC0-301F-11D3-BF4B-00C04F79EFBC}") = "EvoDistroLisa.Engine.Unsafe", "EvoDistroLisa.Engine.Unsafe\EvoDistroLisa.Engine.Unsafe.csproj", "{E589CCD2-281D-4BED-9969-0FC43124B33C}"
EndProject
Project("{F2A71F9B-5D33-465A-A702-920D77279786}") = "EvoDistroLisa.Engine.WPF", "EvoDistroLisa.Engine.WPF\EvoDistroLisa.Engine.WPF.fsproj", "{34D402A5-A886-4C15-9D5B-692957B20A37}"
EndProject
Project("{F2A71F9B-5D33-465A-A702-920D77279786}") = "EvoDistroLisa.Engine.W32", "EvoDistroLisa.Engine.W32\EvoDistroLisa.Engine.W32.fsproj", "{1194365D-11BB-41D7-A4D3-6982C776C707}"
EndProject
Project("{F2A71F9B-5D33-465A-A702-920D77279786}") = "EvoDistroLisa.Pickler", "EvoDistroLisa.Pickler\EvoDistroLisa.Pickler.fsproj", "{982FE8E5-C34E-4991-B6BC-773AE39BACF1}"
EndProject
Project("{F2A71F9B-5D33-465A-A702-920D77279786}") = "EvoDistroLisa.Domain", "EvoDistroLisa.Domain\EvoDistroLisa.Domain.fsproj", "{F2B7B731-0F91-435A-BAC7-F78B49EB83A9}"
EndProject
Project("{F2A71F9B-5D33-465A-A702-920D77279786}") = "FSharp.Fx", "FSharp.Fx\FSharp.Fx.fsproj", "{42B160F4-0779-4875-8C84-D23D88880C21}"
EndProject
Project("{F2A71F9B-5D33-465A-A702-920D77279786}") = "EvoDistroLisa.Engine.ZMQ", "EvoDistroLisa.Engine.ZMQ\EvoDistroLisa.Engine.ZMQ.fsproj", "{044C7441-B757-46D4-AF5F-63777BDC7F43}"
EndProject
Project("{F2A71F9B-5D33-465A-A702-920D77279786}") = "fszmq.Agent", "fszmq.Agent\fszmq.Agent.fsproj", "{22389088-5BD6-4279-8236-FE3A32CDA0FF}"
EndProject
Project("{F2A71F9B-5D33-465A-A702-920D77279786}") = "fszmq.Agent.Tests", "fszmq.Agent.Tests\fszmq.Agent.Tests.fsproj", "{24BC963C-8B51-4FB3-8F1D-3D67D3C85D09}"
EndProject
Project("{2150E333-8FDC-42A3-9474-1A3956D46DE8}") = "Executables", "Executables", "{4E55DC3E-881E-4D9D-8C26-4E89024BD51D}"
EndProject
Project("{2150E333-8FDC-42A3-9474-1A3956D46DE8}") = "Libraries", "Libraries", "{0A963383-9FC5-4772-8FB1-1795421BDD77}"
EndProject
Project("{F2A71F9B-5D33-465A-A702-920D77279786}") = "EvoDistroLisa.CLI", "EvoDistroLisa.CLI\EvoDistroLisa.CLI.fsproj", "{DDEA5109-2A23-41F5-91E5-3D9FE7B0522F}"
EndProject
Project("{FAE04EC0-301F-11D3-BF4B-00C04F79EFBC}") = "EvoDistroLisa.UI", "EvoDistroLisa.UI\EvoDistroLisa.UI.csproj", "{213C80F2-80B2-4284-B88D-FBED58DC331D}"
EndProject
Project("{2150E333-8FDC-42A3-9474-1A3956D46DE8}") = "Original", "Original", "{9D4A9F44-2749-4523-8C8B-69BB70B47AEE}"
EndProject
Project("{FAE04EC0-301F-11D3-BF4B-00C04F79EFBC}") = "GenArt", "EvoLisa.original\Gui\GenArt.csproj", "{1B071C96-9E78-40E4-A8AC-66FB065D61C8}"
EndProject
Project("{FAE04EC0-301F-11D3-BF4B-00C04F79EFBC}") = "GenArt.Core", "EvoLisa.original\Core\GenArt.Core.csproj", "{E4DF4818-A171-41E0-9AC4-4FDB8AF6482A}"
EndProject
Project("{F2A71F9B-5D33-465A-A702-920D77279786}") = "FSharp.Fx.Tests", "FSharp.Fx.Tests\FSharp.Fx.Tests.fsproj", "{72E73ABA-31C0-4453-B69D-5C5CDF1E6458}"
EndProject
Project("{F2A71F9B-5D33-465A-A702-920D77279786}") = "EvoDistroLisa.Engine.WBx", "EvoDistroLisa.Engine.WBx\EvoDistroLisa.Engine.WBx.fsproj", "{D68AD72C-FD8B-4661-932F-D4112168F001}"
EndProject
Global
	GlobalSection(SolutionConfigurationPlatforms) = preSolution
		Debug|x64 = Debug|x64
		Release|x64 = Release|x64
	EndGlobalSection
	GlobalSection(ProjectConfigurationPlatforms) = postSolution
		{0F70F6C5-83CE-4C3F-90A2-E514706AC0A6}.Debug|x64.ActiveCfg = Debug|x64
		{0F70F6C5-83CE-4C3F-90A2-E514706AC0A6}.Debug|x64.Build.0 = Debug|x64
		{0F70F6C5-83CE-4C3F-90A2-E514706AC0A6}.Release|x64.ActiveCfg = Release|x64
		{0F70F6C5-83CE-4C3F-90A2-E514706AC0A6}.Release|x64.Build.0 = Release|x64
		{60EECA86-CA2D-40A4-8688-DC9225126D2D}.Debug|x64.ActiveCfg = Debug|Any CPU
		{60EECA86-CA2D-40A4-8688-DC9225126D2D}.Debug|x64.Build.0 = Debug|Any CPU
		{60EECA86-CA2D-40A4-8688-DC9225126D2D}.Release|x64.ActiveCfg = Release|Any CPU
		{60EECA86-CA2D-40A4-8688-DC9225126D2D}.Release|x64.Build.0 = Release|Any CPU
		{E589CCD2-281D-4BED-9969-0FC43124B33C}.Debug|x64.ActiveCfg = Debug|Any CPU
		{E589CCD2-281D-4BED-9969-0FC43124B33C}.Debug|x64.Build.0 = Debug|Any CPU
		{E589CCD2-281D-4BED-9969-0FC43124B33C}.Release|x64.ActiveCfg = Release|Any CPU
		{E589CCD2-281D-4BED-9969-0FC43124B33C}.Release|x64.Build.0 = Release|Any CPU
		{34D402A5-A886-4C15-9D5B-692957B20A37}.Debug|x64.ActiveCfg = Debug|Any CPU
		{34D402A5-A886-4C15-9D5B-692957B20A37}.Debug|x64.Build.0 = Debug|Any CPU
		{34D402A5-A886-4C15-9D5B-692957B20A37}.Release|x64.ActiveCfg = Release|Any CPU
		{34D402A5-A886-4C15-9D5B-692957B20A37}.Release|x64.Build.0 = Release|Any CPU
		{1194365D-11BB-41D7-A4D3-6982C776C707}.Debug|x64.ActiveCfg = Debug|Any CPU
		{1194365D-11BB-41D7-A4D3-6982C776C707}.Debug|x64.Build.0 = Debug|Any CPU
		{1194365D-11BB-41D7-A4D3-6982C776C707}.Release|x64.ActiveCfg = Release|Any CPU
		{1194365D-11BB-41D7-A4D3-6982C776C707}.Release|x64.Build.0 = Release|Any CPU
		{982FE8E5-C34E-4991-B6BC-773AE39BACF1}.Debug|x64.ActiveCfg = Debug|Any CPU
		{982FE8E5-C34E-4991-B6BC-773AE39BACF1}.Debug|x64.Build.0 = Debug|Any CPU
		{982FE8E5-C34E-4991-B6BC-773AE39BACF1}.Release|x64.ActiveCfg = Release|Any CPU
		{982FE8E5-C34E-4991-B6BC-773AE39BACF1}.Release|x64.Build.0 = Release|Any CPU
		{F2B7B731-0F91-435A-BAC7-F78B49EB83A9}.Debug|x64.ActiveCfg = Debug|Any CPU
		{F2B7B731-0F91-435A-BAC7-F78B49EB83A9}.Debug|x64.Build.0 = Debug|Any CPU
		{F2B7B731-0F91-435A-BAC7-F78B49EB83A9}.Release|x64.ActiveCfg = Release|Any CPU
		{F2B7B731-0F91-435A-BAC7-F78B49EB83A9}.Release|x64.Build.0 = Release|Any CPU
		{42B160F4-0779-4875-8C84-D23D88880C21}.Debug|x64.ActiveCfg = Debug|Any CPU
		{42B160F4-0779-4875-8C84-D23D88880C21}.Debug|x64.Build.0 = Debug|Any CPU
		{42B160F4-0779-4875-8C84-D23D88880C21}.Release|x64.ActiveCfg = Release|Any CPU
		{42B160F4-0779-4875-8C84-D23D88880C21}.Release|x64.Build.0 = Release|Any CPU
		{044C7441-B757-46D4-AF5F-63777BDC7F43}.Debug|x64.ActiveCfg = Debug|Any CPU
		{044C7441-B757-46D4-AF5F-63777BDC7F43}.Debug|x64.Build.0 = Debug|Any CPU
		{044C7441-B757-46D4-AF5F-63777BDC7F43}.Release|x64.ActiveCfg = Release|Any CPU
		{044C7441-B757-46D4-AF5F-63777BDC7F43}.Release|x64.Build.0 = Release|Any CPU
		{22389088-5BD6-4279-8236-FE3A32CDA0FF}.Debug|x64.ActiveCfg = Debug|Any CPU
		{22389088-5BD6-4279-8236-FE3A32CDA0FF}.Debug|x64.Build.0 = Debug|Any CPU
		{22389088-5BD6-4279-8236-FE3A32CDA0FF}.Release|x64.ActiveCfg = Release|Any CPU
		{22389088-5BD6-4279-8236-FE3A32CDA0FF}.Release|x64.Build.0 = Release|Any CPU
		{24BC963C-8B51-4FB3-8F1D-3D67D3C85D09}.Debug|x64.ActiveCfg = Debug|x64
		{24BC963C-8B51-4FB3-8F1D-3D67D3C85D09}.Debug|x64.Build.0 = Debug|x64
		{24BC963C-8B51-4FB3-8F1D-3D67D3C85D09}.Release|x64.ActiveCfg = Release|x64
		{24BC963C-8B51-4FB3-8F1D-3D67D3C85D09}.Release|x64.Build.0 = Release|x64
		{DDEA5109-2A23-41F5-91E5-3D9FE7B0522F}.Debug|x64.ActiveCfg = Debug|x64
		{DDEA5109-2A23-41F5-91E5-3D9FE7B0522F}.Debug|x64.Build.0 = Debug|x64
		{DDEA5109-2A23-41F5-91E5-3D9FE7B0522F}.Release|x64.ActiveCfg = Release|x64
		{DDEA5109-2A23-41F5-91E5-3D9FE7B0522F}.Release|x64.Build.0 = Release|x64
		{213C80F2-80B2-4284-B88D-FBED58DC331D}.Debug|x64.ActiveCfg = Debug|Any CPU
		{213C80F2-80B2-4284-B88D-FBED58DC331D}.Debug|x64.Build.0 = Debug|Any CPU
		{213C80F2-80B2-4284-B88D-FBED58DC331D}.Release|x64.ActiveCfg = Release|Any CPU
		{213C80F2-80B2-4284-B88D-FBED58DC331D}.Release|x64.Build.0 = Release|Any CPU
		{1B071C96-9E78-40E4-A8AC-66FB065D61C8}.Debug|x64.ActiveCfg = Debug|Any CPU
		{1B071C96-9E78-40E4-A8AC-66FB065D61C8}.Debug|x64.Build.0 = Debug|Any CPU
		{1B071C96-9E78-40E4-A8AC-66FB065D61C8}.Release|x64.ActiveCfg = Release|Any CPU
		{1B071C96-9E78-40E4-A8AC-66FB065D61C8}.Release|x64.Build.0 = Release|Any CPU
		{E4DF4818-A171-41E0-9AC4-4FDB8AF6482A}.Debug|x64.ActiveCfg = Debug|Any CPU
		{E4DF4818-A171-41E0-9AC4-4FDB8AF6482A}.Debug|x64.Build.0 = Debug|Any CPU
		{E4DF4818-A171-41E0-9AC4-4FDB8AF6482A}.Release|x64.ActiveCfg = Release|Any CPU
		{E4DF4818-A171-41E0-9AC4-4FDB8AF6482A}.Release|x64.Build.0 = Release|Any CPU
		{72E73ABA-31C0-4453-B69D-5C5CDF1E6458}.Debug|x64.ActiveCfg = Debug|Any CPU
		{72E73ABA-31C0-4453-B69D-5C5CDF1E6458}.Debug|x64.Build.0 = Debug|Any CPU
		{72E73ABA-31C0-4453-B69D-5C5CDF1E6458}.Release|x64.ActiveCfg = Release|Any CPU
		{72E73ABA-31C0-4453-B69D-5C5CDF1E6458}.Release|x64.Build.0 = Release|Any CPU
		{D68AD72C-FD8B-4661-932F-D4112168F001}.Debug|x64.ActiveCfg = Debug|Any CPU
		{D68AD72C-FD8B-4661-932F-D4112168F001}.Debug|x64.Build.0 = Debug|Any CPU
		{D68AD72C-FD8B-4661-932F-D4112168F001}.Release|x64.ActiveCfg = Release|Any CPU
		{D68AD72C-FD8B-4661-932F-D4112168F001}.Release|x64.Build.0 = Release|Any CPU
	EndGlobalSection
	GlobalSection(SolutionProperties) = preSolution
		HideSolutionNode = FALSE
	EndGlobalSection
	GlobalSection(NestedProjects) = preSolution
		{0F70F6C5-83CE-4C3F-90A2-E514706AC0A6} = {9D4A9F44-2749-4523-8C8B-69BB70B47AEE}
		{60EECA86-CA2D-40A4-8688-DC9225126D2D} = {0A963383-9FC5-4772-8FB1-1795421BDD77}
		{E589CCD2-281D-4BED-9969-0FC43124B33C} = {0A963383-9FC5-4772-8FB1-1795421BDD77}
		{34D402A5-A886-4C15-9D5B-692957B20A37} = {0A963383-9FC5-4772-8FB1-1795421BDD77}
		{1194365D-11BB-41D7-A4D3-6982C776C707} = {0A963383-9FC5-4772-8FB1-1795421BDD77}
		{982FE8E5-C34E-4991-B6BC-773AE39BACF1} = {0A963383-9FC5-4772-8FB1-1795421BDD77}
		{F2B7B731-0F91-435A-BAC7-F78B49EB83A9} = {0A963383-9FC5-4772-8FB1-1795421BDD77}
		{42B160F4-0779-4875-8C84-D23D88880C21} = {0A963383-9FC5-4772-8FB1-1795421BDD77}
		{044C7441-B757-46D4-AF5F-63777BDC7F43} = {0A963383-9FC5-4772-8FB1-1795421BDD77}
		{22389088-5BD6-4279-8236-FE3A32CDA0FF} = {0A963383-9FC5-4772-8FB1-1795421BDD77}
		{24BC963C-8B51-4FB3-8F1D-3D67D3C85D09} = {0A963383-9FC5-4772-8FB1-1795421BDD77}
		{DDEA5109-2A23-41F5-91E5-3D9FE7B0522F} = {4E55DC3E-881E-4D9D-8C26-4E89024BD51D}
		{213C80F2-80B2-4284-B88D-FBED58DC331D} = {0A963383-9FC5-4772-8FB1-1795421BDD77}
		{1B071C96-9E78-40E4-A8AC-66FB065D61C8} = {9D4A9F44-2749-4523-8C8B-69BB70B47AEE}
		{E4DF4818-A171-41E0-9AC4-4FDB8AF6482A} = {9D4A9F44-2749-4523-8C8B-69BB70B47AEE}
		{72E73ABA-31C0-4453-B69D-5C5CDF1E6458} = {0A963383-9FC5-4772-8FB1-1795421BDD77}
		{D68AD72C-FD8B-4661-932F-D4112168F001} = {0A963383-9FC5-4772-8FB1-1795421BDD77}
	EndGlobalSection
EndGlobal
